
Microsoft Visual Studio Solution File, Format Version 12.00
# Visual Studio Version 16
VisualStudioVersion = 16.0.30002.166
MinimumVisualStudioVersion = 10.0.40219.1
Project("{FAE04EC0-301F-11D3-BF4B-00C04F79EFBC}") = "CocosSharpMathGame.Droid", "CocosSharpMathGame.Droid\CocosSharpMathGame.Droid.csproj", "{CFA4E26E-468D-41B1-868E-04FFA2D2A9FD}"
EndProject
Project("{FAE04EC0-301F-11D3-BF4B-00C04F79EFBC}") = "CocosSharpMathGame", "CocosSharpMathGame\CocosSharpMathGame.csproj", "{32321C3F-BE8E-428F-BA2E-F9F1E5894252}"
EndProject
Project("{FAE04EC0-301F-11D3-BF4B-00C04F79EFBC}") = "CocosSharpMathGame.DX", "CocosSharpMathGame.DX\CocosSharpMathGame.DX.csproj", "{C2AA92EF-1C66-4100-B17B-613EA7CB7BCC}"
EndProject
Global
	GlobalSection(SolutionConfigurationPlatforms) = preSolution
		Debug|Any CPU = Debug|Any CPU
		Debug|x86 = Debug|x86
		Release|Any CPU = Release|Any CPU
		Release|x86 = Release|x86
	EndGlobalSection
	GlobalSection(ProjectConfigurationPlatforms) = postSolution
		{CFA4E26E-468D-41B1-868E-04FFA2D2A9FD}.Debug|Any CPU.ActiveCfg = Debug|Any CPU
		{CFA4E26E-468D-41B1-868E-04FFA2D2A9FD}.Debug|Any CPU.Build.0 = Debug|Any CPU
		{CFA4E26E-468D-41B1-868E-04FFA2D2A9FD}.Debug|Any CPU.Deploy.0 = Debug|Any CPU
		{CFA4E26E-468D-41B1-868E-04FFA2D2A9FD}.Debug|x86.ActiveCfg = Debug|Any CPU
		{CFA4E26E-468D-41B1-868E-04FFA2D2A9FD}.Debug|x86.Build.0 = Debug|Any CPU
		{CFA4E26E-468D-41B1-868E-04FFA2D2A9FD}.Debug|x86.Deploy.0 = Debug|Any CPU
		{CFA4E26E-468D-41B1-868E-04FFA2D2A9FD}.Release|Any CPU.ActiveCfg = Release|Any CPU
		{CFA4E26E-468D-41B1-868E-04FFA2D2A9FD}.Release|Any CPU.Build.0 = Release|Any CPU
		{CFA4E26E-468D-41B1-868E-04FFA2D2A9FD}.Release|Any CPU.Deploy.0 = Release|Any CPU
		{CFA4E26E-468D-41B1-868E-04FFA2D2A9FD}.Release|x86.ActiveCfg = Release|Any CPU
		{CFA4E26E-468D-41B1-868E-04FFA2D2A9FD}.Release|x86.Build.0 = Release|Any CPU
		{CFA4E26E-468D-41B1-868E-04FFA2D2A9FD}.Release|x86.Deploy.0 = Release|Any CPU
		{32321C3F-BE8E-428F-BA2E-F9F1E5894252}.Debug|Any CPU.ActiveCfg = Debug|Any CPU
		{32321C3F-BE8E-428F-BA2E-F9F1E5894252}.Debug|Any CPU.Build.0 = Debug|Any CPU
		{32321C3F-BE8E-428F-BA2E-F9F1E5894252}.Debug|x86.ActiveCfg = Debug|Any CPU
		{32321C3F-BE8E-428F-BA2E-F9F1E5894252}.Debug|x86.Build.0 = Debug|Any CPU
		{32321C3F-BE8E-428F-BA2E-F9F1E5894252}.Release|Any CPU.ActiveCfg = Release|Any CPU
		{32321C3F-BE8E-428F-BA2E-F9F1E5894252}.Release|Any CPU.Build.0 = Release|Any CPU
		{32321C3F-BE8E-428F-BA2E-F9F1E5894252}.Release|x86.ActiveCfg = Release|Any CPU
		{32321C3F-BE8E-428F-BA2E-F9F1E5894252}.Release|x86.Build.0 = Release|Any CPU
		{C2AA92EF-1C66-4100-B17B-613EA7CB7BCC}.Debug|Any CPU.ActiveCfg = Debug|x86
		{C2AA92EF-1C66-4100-B17B-613EA7CB7BCC}.Debug|x86.ActiveCfg = Debug|x86
		{C2AA92EF-1C66-4100-B17B-613EA7CB7BCC}.Debug|x86.Build.0 = Debug|x86
		{C2AA92EF-1C66-4100-B17B-613EA7CB7BCC}.Release|Any CPU.ActiveCfg = Release|x86
		{C2AA92EF-1C66-4100-B17B-613EA7CB7BCC}.Release|x86.ActiveCfg = Release|x86
		{C2AA92EF-1C66-4100-B17B-613EA7CB7BCC}.Release|x86.Build.0 = Release|x86
	EndGlobalSection
	GlobalSection(SolutionProperties) = preSolution
		HideSolutionNode = FALSE
	EndGlobalSection
	GlobalSection(ExtensibilityGlobals) = postSolution
		SolutionGuid = {1089E63C-CAD3-40C9-8F5F-2C9C6FBC4CB2}
	EndGlobalSection
EndGlobal
